
Microsoft Visual Studio Solution File, Format Version 12.00
# Visual Studio Version 16
VisualStudioVersion = 16.0.31624.102
MinimumVisualStudioVersion = 10.0.40219.1
Project("{9A19103F-16F7-4668-BE54-9A1E7A4F7556}") = "WebApplication4_Razor", "WebApplication4_Razor\WebApplication4_Razor.csproj", "{A9F5A884-B96A-4D5A-861C-1C331E8EA0E8}"
EndProject
Global
	GlobalSection(SolutionConfigurationPlatforms) = preSolution
		Debug|Any CPU = Debug|Any CPU
		Release|Any CPU = Release|Any CPU
	EndGlobalSection
	GlobalSection(ProjectConfigurationPlatforms) = postSolution
		{A9F5A884-B96A-4D5A-861C-1C331E8EA0E8}.Debug|Any CPU.ActiveCfg = Debug|Any CPU
		{A9F5A884-B96A-4D5A-861C-1C331E8EA0E8}.Debug|Any CPU.Build.0 = Debug|Any CPU
		{A9F5A884-B96A-4D5A-861C-1C331E8EA0E8}.Release|Any CPU.ActiveCfg = Release|Any CPU
		{A9F5A884-B96A-4D5A-861C-1C331E8EA0E8}.Release|Any CPU.Build.0 = Release|Any CPU
	EndGlobalSection
	GlobalSection(SolutionProperties) = preSolution
		HideSolutionNode = FALSE
	EndGlobalSection
	GlobalSection(ExtensibilityGlobals) = postSolution
		SolutionGuid = {69BB35D5-A74A-4EFF-85F8-E090CC67C9CA}
	EndGlobalSection
EndGlobal
